
Microsoft Visual Studio Solution File, Format Version 12.00
# Visual Studio 14
VisualStudioVersion = 14.0.23107.0
MinimumVisualStudioVersion = 10.0.40219.1
Project("{FAE04EC0-301F-11D3-BF4B-00C04F79EFBC}") = "PhotoContest.Web", "PhotoContest.Web\PhotoContest.Web.csproj", "{236C1106-3471-44DD-ABF4-7C2418BC0C90}"
EndProject
Project("{FAE04EC0-301F-11D3-BF4B-00C04F79EFBC}") = "PhotoContext.Models", "PhotoContext.Models\PhotoContext.Models.csproj", "{AA12F485-0366-4E48-8C3B-BB892F9583E3}"
EndProject
Project("{FAE04EC0-301F-11D3-BF4B-00C04F79EFBC}") = "PhotoContest.Data", "PhotoContest.Data\PhotoContest.Data.csproj", "{E2CB2995-2BF6-415E-B829-AE4E7EDCB0AD}"
EndProject
Project("{FAE04EC0-301F-11D3-BF4B-00C04F79EFBC}") = "PhotoContest.Tests", "PhotoContest.Tests\PhotoContest.Tests.csproj", "{D52DD1BD-0448-413C-A4B4-C3B150589ED0}"
EndProject
Global
	GlobalSection(SolutionConfigurationPlatforms) = preSolution
		Debug|Any CPU = Debug|Any CPU
		Release|Any CPU = Release|Any CPU
	EndGlobalSection
	GlobalSection(ProjectConfigurationPlatforms) = postSolution
		{236C1106-3471-44DD-ABF4-7C2418BC0C90}.Debug|Any CPU.ActiveCfg = Debug|Any CPU
		{236C1106-3471-44DD-ABF4-7C2418BC0C90}.Debug|Any CPU.Build.0 = Debug|Any CPU
		{236C1106-3471-44DD-ABF4-7C2418BC0C90}.Release|Any CPU.ActiveCfg = Release|Any CPU
		{236C1106-3471-44DD-ABF4-7C2418BC0C90}.Release|Any CPU.Build.0 = Release|Any CPU
		{AA12F485-0366-4E48-8C3B-BB892F9583E3}.Debug|Any CPU.ActiveCfg = Debug|Any CPU
		{AA12F485-0366-4E48-8C3B-BB892F9583E3}.Debug|Any CPU.Build.0 = Debug|Any CPU
		{AA12F485-0366-4E48-8C3B-BB892F9583E3}.Release|Any CPU.ActiveCfg = Release|Any CPU
		{AA12F485-0366-4E48-8C3B-BB892F9583E3}.Release|Any CPU.Build.0 = Release|Any CPU
		{E2CB2995-2BF6-415E-B829-AE4E7EDCB0AD}.Debug|Any CPU.ActiveCfg = Debug|Any CPU
		{E2CB2995-2BF6-415E-B829-AE4E7EDCB0AD}.Debug|Any CPU.Build.0 = Debug|Any CPU
		{E2CB2995-2BF6-415E-B829-AE4E7EDCB0AD}.Release|Any CPU.ActiveCfg = Release|Any CPU
		{E2CB2995-2BF6-415E-B829-AE4E7EDCB0AD}.Release|Any CPU.Build.0 = Release|Any CPU
		{D52DD1BD-0448-413C-A4B4-C3B150589ED0}.Debug|Any CPU.ActiveCfg = Debug|Any CPU
		{D52DD1BD-0448-413C-A4B4-C3B150589ED0}.Debug|Any CPU.Build.0 = Debug|Any CPU
		{D52DD1BD-0448-413C-A4B4-C3B150589ED0}.Release|Any CPU.ActiveCfg = Release|Any CPU
		{D52DD1BD-0448-413C-A4B4-C3B150589ED0}.Release|Any CPU.Build.0 = Release|Any CPU
	EndGlobalSection
	GlobalSection(SolutionProperties) = preSolution
		HideSolutionNode = FALSE
	EndGlobalSection
EndGlobal
