
Microsoft Visual Studio Solution File, Format Version 12.00
# Visual Studio 14
VisualStudioVersion = 14.0.23107.0
MinimumVisualStudioVersion = 10.0.40219.1
Project("{FAE04EC0-301F-11D3-BF4B-00C04F79EFBC}") = "PhotoContest.Web", "PhotoContest.Web\PhotoContest.Web.csproj", "{236C1106-3471-44DD-ABF4-7C2418BC0C90}"
EndProject
Project("{FAE04EC0-301F-11D3-BF4B-00C04F79EFBC}") = "PhotoContext.Models", "PhotoContext.Models\PhotoContext.Models.csproj", "{AA12F485-0366-4E48-8C3B-BB892F9583E3}"
EndProject
Project("{FAE04EC0-301F-11D3-BF4B-00C04F79EFBC}") = "PhotoContest.Data", "PhotoContest.Data\PhotoContest.Data.csproj", "{E2CB2995-2BF6-415E-B829-AE4E7EDCB0AD}"
EndProject
Project("{FAE04EC0-301F-11D3-BF4B-00C04F79EFBC}") = "PhotoContest.Tests", "DbTests\PhotoContest.Tests.csproj", "{5D9FB70E-9CE2-489F-A8C8-686882463A56}"
EndProject
Global
	GlobalSection(SolutionConfigurationPlatforms) = preSolution
		Debug|Any CPU = Debug|Any CPU
		Release|Any CPU = Release|Any CPU
	EndGlobalSection
	GlobalSection(ProjectConfigurationPlatforms) = postSolution
		{236C1106-3471-44DD-ABF4-7C2418BC0C90}.Debug|Any CPU.ActiveCfg = Debug|Any CPU
		{236C1106-3471-44DD-ABF4-7C2418BC0C90}.Debug|Any CPU.Build.0 = Debug|Any CPU
		{236C1106-3471-44DD-ABF4-7C2418BC0C90}.Release|Any CPU.ActiveCfg = Release|Any CPU
		{236C1106-3471-44DD-ABF4-7C2418BC0C90}.Release|Any CPU.Build.0 = Release|Any CPU
		{AA12F485-0366-4E48-8C3B-BB892F9583E3}.Debug|Any CPU.ActiveCfg = Debug|Any CPU
		{AA12F485-0366-4E48-8C3B-BB892F9583E3}.Debug|Any CPU.Build.0 = Debug|Any CPU
		{AA12F485-0366-4E48-8C3B-BB892F9583E3}.Release|Any CPU.ActiveCfg = Release|Any CPU
		{AA12F485-0366-4E48-8C3B-BB892F9583E3}.Release|Any CPU.Build.0 = Release|Any CPU
		{E2CB2995-2BF6-415E-B829-AE4E7EDCB0AD}.Debug|Any CPU.ActiveCfg = Debug|Any CPU
		{E2CB2995-2BF6-415E-B829-AE4E7EDCB0AD}.Debug|Any CPU.Build.0 = Debug|Any CPU
		{E2CB2995-2BF6-415E-B829-AE4E7EDCB0AD}.Release|Any CPU.ActiveCfg = Release|Any CPU
		{E2CB2995-2BF6-415E-B829-AE4E7EDCB0AD}.Release|Any CPU.Build.0 = Release|Any CPU
		{5D9FB70E-9CE2-489F-A8C8-686882463A56}.Debug|Any CPU.ActiveCfg = Debug|Any CPU
		{5D9FB70E-9CE2-489F-A8C8-686882463A56}.Debug|Any CPU.Build.0 = Debug|Any CPU
		{5D9FB70E-9CE2-489F-A8C8-686882463A56}.Release|Any CPU.ActiveCfg = Release|Any CPU
		{5D9FB70E-9CE2-489F-A8C8-686882463A56}.Release|Any CPU.Build.0 = Release|Any CPU
	EndGlobalSection
	GlobalSection(SolutionProperties) = preSolution
		HideSolutionNode = FALSE
	EndGlobalSection
EndGlobal
